
Microsoft Visual Studio Solution File, Format Version 12.00
# Visual Studio Version 17
VisualStudioVersion = 17.8.34212.112
MinimumVisualStudioVersion = 10.0.40219.1
Project("{9A19103F-16F7-4668-BE54-9A1E7A4F7556}") = "TableTennisTimer", "TableTennisTimer.csproj", "{9992636F-FE24-42C7-8E93-45F88C6A21A8}"
EndProject
Project("{9A19103F-16F7-4668-BE54-9A1E7A4F7556}") = "AzurePseudoLogger", "..\..\..\..\Users\alexp\source\repos\alex-pi\AzurePseudoLogger\AzurePseudoLogger.csproj", "{5C8D9E77-4E68-4ED2-893C-0CC7117872E0}"
EndProject
Project("{9A19103F-16F7-4668-BE54-9A1E7A4F7556}") = "TTT.MAUI", "..\TTT.MAUI\TTT.MAUI.csproj", "{0317FD5A-85A7-47A1-9C62-0C4D0F701FEC}"
EndProject
Project("{FAE04EC0-301F-11D3-BF4B-00C04F79EFBC}") = "AlexPi.Plug.BlazorApp", "..\AlexPi.Plug.BlazorApp\AlexPi.Plug.BlazorApp\AlexPi.Plug.BlazorApp.csproj", "{A27C7E9D-0D6F-4BB4-A2E1-6E278CED0741}"
EndProject
Project("{FAE04EC0-301F-11D3-BF4B-00C04F79EFBC}") = "AlexPi.Plug.BlazorApp.Client", "..\AlexPi.Plug.BlazorApp\AlexPi.Plug.BlazorApp.Client\AlexPi.Plug.BlazorApp.Client.csproj", "{ADE280EF-B750-4EC8-AD09-F6AD828740D0}"
EndProject
Project("{FAE04EC0-301F-11D3-BF4B-00C04F79EFBC}") = "AlexPi.Plug.ASP.NET.Core.Web.App", "..\AlexPi.Plug.ASP.NET.Core.Web.App\AlexPi.Plug.ASP.NET.Core.Web.App.csproj", "{5F2B8226-C006-4A4C-9FB4-3B3E09AB5406}"
EndProject
Global
	GlobalSection(SolutionConfigurationPlatforms) = preSolution
		Debug|Any CPU = Debug|Any CPU
		Release|Any CPU = Release|Any CPU
	EndGlobalSection
	GlobalSection(ProjectConfigurationPlatforms) = postSolution
		{9992636F-FE24-42C7-8E93-45F88C6A21A8}.Debug|Any CPU.ActiveCfg = Debug|Any CPU
		{9992636F-FE24-42C7-8E93-45F88C6A21A8}.Debug|Any CPU.Build.0 = Debug|Any CPU
		{9992636F-FE24-42C7-8E93-45F88C6A21A8}.Release|Any CPU.ActiveCfg = Release|Any CPU
		{9992636F-FE24-42C7-8E93-45F88C6A21A8}.Release|Any CPU.Build.0 = Release|Any CPU
		{5C8D9E77-4E68-4ED2-893C-0CC7117872E0}.Debug|Any CPU.ActiveCfg = Debug|Any CPU
		{5C8D9E77-4E68-4ED2-893C-0CC7117872E0}.Debug|Any CPU.Build.0 = Debug|Any CPU
		{5C8D9E77-4E68-4ED2-893C-0CC7117872E0}.Release|Any CPU.ActiveCfg = Release|Any CPU
		{5C8D9E77-4E68-4ED2-893C-0CC7117872E0}.Release|Any CPU.Build.0 = Release|Any CPU
		{0317FD5A-85A7-47A1-9C62-0C4D0F701FEC}.Debug|Any CPU.ActiveCfg = Debug|Any CPU
		{0317FD5A-85A7-47A1-9C62-0C4D0F701FEC}.Debug|Any CPU.Build.0 = Debug|Any CPU
		{0317FD5A-85A7-47A1-9C62-0C4D0F701FEC}.Debug|Any CPU.Deploy.0 = Debug|Any CPU
		{0317FD5A-85A7-47A1-9C62-0C4D0F701FEC}.Release|Any CPU.ActiveCfg = Release|Any CPU
		{0317FD5A-85A7-47A1-9C62-0C4D0F701FEC}.Release|Any CPU.Build.0 = Release|Any CPU
		{0317FD5A-85A7-47A1-9C62-0C4D0F701FEC}.Release|Any CPU.Deploy.0 = Release|Any CPU
		{A27C7E9D-0D6F-4BB4-A2E1-6E278CED0741}.Debug|Any CPU.ActiveCfg = Debug|Any CPU
		{A27C7E9D-0D6F-4BB4-A2E1-6E278CED0741}.Debug|Any CPU.Build.0 = Debug|Any CPU
		{A27C7E9D-0D6F-4BB4-A2E1-6E278CED0741}.Release|Any CPU.ActiveCfg = Release|Any CPU
		{A27C7E9D-0D6F-4BB4-A2E1-6E278CED0741}.Release|Any CPU.Build.0 = Release|Any CPU
		{ADE280EF-B750-4EC8-AD09-F6AD828740D0}.Debug|Any CPU.ActiveCfg = Debug|Any CPU
		{ADE280EF-B750-4EC8-AD09-F6AD828740D0}.Debug|Any CPU.Build.0 = Debug|Any CPU
		{ADE280EF-B750-4EC8-AD09-F6AD828740D0}.Release|Any CPU.ActiveCfg = Release|Any CPU
		{ADE280EF-B750-4EC8-AD09-F6AD828740D0}.Release|Any CPU.Build.0 = Release|Any CPU
		{5F2B8226-C006-4A4C-9FB4-3B3E09AB5406}.Debug|Any CPU.ActiveCfg = Debug|Any CPU
		{5F2B8226-C006-4A4C-9FB4-3B3E09AB5406}.Debug|Any CPU.Build.0 = Debug|Any CPU
		{5F2B8226-C006-4A4C-9FB4-3B3E09AB5406}.Release|Any CPU.ActiveCfg = Release|Any CPU
		{5F2B8226-C006-4A4C-9FB4-3B3E09AB5406}.Release|Any CPU.Build.0 = Release|Any CPU
	EndGlobalSection
	GlobalSection(SolutionProperties) = preSolution
		HideSolutionNode = FALSE
	EndGlobalSection
	GlobalSection(ExtensibilityGlobals) = postSolution
		SolutionGuid = {3A06D275-60C3-4C27-A489-79883F0A8776}
	EndGlobalSection
EndGlobal
